
Microsoft Visual Studio Solution File, Format Version 12.00
# Visual Studio 14
VisualStudioVersion = 14.0.25420.1
MinimumVisualStudioVersion = 10.0.40219.1
Project("{FAE04EC0-301F-11D3-BF4B-00C04F79EFBC}") = "EquationLibrary", "EquationLibrary\EquationLibrary.csproj", "{8C01051C-3D11-4170-96A3-2F890489D323}"
EndProject
Project("{FAE04EC0-301F-11D3-BF4B-00C04F79EFBC}") = "EquationConsole", "EquationConsole\EquationConsole.csproj", "{12483DEA-AE61-414F-8B5E-5664DCE1B3E6}"
EndProject
Global
	GlobalSection(SolutionConfigurationPlatforms) = preSolution
		Debug|Any CPU = Debug|Any CPU
		Release|Any CPU = Release|Any CPU
	EndGlobalSection
	GlobalSection(ProjectConfigurationPlatforms) = postSolution
		{8C01051C-3D11-4170-96A3-2F890489D323}.Debug|Any CPU.ActiveCfg = Debug|Any CPU
		{8C01051C-3D11-4170-96A3-2F890489D323}.Debug|Any CPU.Build.0 = Debug|Any CPU
		{8C01051C-3D11-4170-96A3-2F890489D323}.Release|Any CPU.ActiveCfg = Release|Any CPU
		{8C01051C-3D11-4170-96A3-2F890489D323}.Release|Any CPU.Build.0 = Release|Any CPU
		{12483DEA-AE61-414F-8B5E-5664DCE1B3E6}.Debug|Any CPU.ActiveCfg = Debug|Any CPU
		{12483DEA-AE61-414F-8B5E-5664DCE1B3E6}.Debug|Any CPU.Build.0 = Debug|Any CPU
		{12483DEA-AE61-414F-8B5E-5664DCE1B3E6}.Release|Any CPU.ActiveCfg = Release|Any CPU
		{12483DEA-AE61-414F-8B5E-5664DCE1B3E6}.Release|Any CPU.Build.0 = Release|Any CPU
	EndGlobalSection
	GlobalSection(SolutionProperties) = preSolution
		HideSolutionNode = FALSE
	EndGlobalSection
EndGlobal
